{
  "name": "frontend",
  "lockfileVersion": 3,
  "requires": true,
  "packages": {
    "": {
      "dependencies": {
        "mobile-detect": "^1.4.5",
        "react-multi-carousel": "^2.8.2"
      }
    },
    "node_modules/mobile-detect": {
      "version": "1.4.5",
      "resolved": "https://registry.npmjs.org/mobile-detect/-/mobile-detect-1.4.5.tgz",
      "integrity": "sha512-yc0LhH6tItlvfLBugVUEtgawwFU2sIe+cSdmRJJCTMZ5GEJyLxNyC/NIOAOGk67Fa8GNpOttO3Xz/1bHpXFD/g=="
    },
    "node_modules/react-multi-carousel": {
      "version": "2.8.2",
      "resolved": "https://registry.npmjs.org/react-multi-carousel/-/react-multi-carousel-2.8.2.tgz",
      "integrity": "sha512-M9Y7DfAp8bA/r6yexttU6RLA7uyppje4c0ELRuCHZWswH+u7nr0uVP6qHNPjc4XGOEY1MYFOb5nBg7JvoKutuQ==",
      "engines": {
        "node": ">=8"
      }
    }
  }
}
